
Microsoft Visual Studio Solution File, Format Version 12.00
# Visual Studio Version 17
VisualStudioVersion = 17.5.33516.290
MinimumVisualStudioVersion = 10.0.40219.1
Project("{FAE04EC0-301F-11D3-BF4B-00C04F79EFBC}") = "JenkinsWebApplicationDemo", "JenkinsWebApplicationDemo\JenkinsWebApplicationDemo.csproj", "{D00D39AE-99A2-42AF-AB3F-E71816DB8AED}"
EndProject
Global
	GlobalSection(SolutionConfigurationPlatforms) = preSolution
		Debug|Any CPU = Debug|Any CPU
		Release|Any CPU = Release|Any CPU
	EndGlobalSection
	GlobalSection(ProjectConfigurationPlatforms) = postSolution
		{D00D39AE-99A2-42AF-AB3F-E71816DB8AED}.Debug|Any CPU.ActiveCfg = Debug|Any CPU
		{D00D39AE-99A2-42AF-AB3F-E71816DB8AED}.Debug|Any CPU.Build.0 = Debug|Any CPU
		{D00D39AE-99A2-42AF-AB3F-E71816DB8AED}.Release|Any CPU.ActiveCfg = Release|Any CPU
		{D00D39AE-99A2-42AF-AB3F-E71816DB8AED}.Release|Any CPU.Build.0 = Release|Any CPU
	EndGlobalSection
	GlobalSection(SolutionProperties) = preSolution
		HideSolutionNode = FALSE
	EndGlobalSection
	GlobalSection(ExtensibilityGlobals) = postSolution
		SolutionGuid = {E2E91F56-547D-43B4-A375-BFD6540318DC}
	EndGlobalSection
EndGlobal
